Microsoft Visual Studio Solution File, Format Version 12.00
# Visual Studio Version 17
VisualStudioVersion = 17.0.31903.59
MinimumVisualStudioVersion = 10.0.40219.1
Project("{FAE04EC0-301F-11D3-BF4B-00C04F79EFBC}") = "BrownSplits", "src\BrownSplits\BrownSplits.csproj", "{81856145-68E4-4B50-B83A-177DE6B866EE}"
EndProject
Project("{FAE04EC0-301F-11D3-BF4B-00C04F79EFBC}") = "BrownSplits.Tests", "tests\BrownSplits.Tests\BrownSplits.Tests.csproj", "{D2FF2B78-920D-4214-BC81-4938DC9784D0}"
EndProject
Global
	GlobalSection(SolutionConfigurationPlatforms) = preSolution
		Debug|Any CPU = Debug|Any CPU
		Release|Any CPU = Release|Any CPU
	EndGlobalSection
	GlobalSection(ProjectConfigurationPlatforms) = postSolution
		{81856145-68E4-4B50-B83A-177DE6B866EE}.Debug|Any CPU.ActiveCfg = Debug|Any CPU
		{81856145-68E4-4B50-B83A-177DE6B866EE}.Debug|Any CPU.Build.0 = Debug|Any CPU
		{81856145-68E4-4B50-B83A-177DE6B866EE}.Release|Any CPU.ActiveCfg = Release|Any CPU
		{81856145-68E4-4B50-B83A-177DE6B866EE}.Release|Any CPU.Build.0 = Release|Any CPU
		{D2FF2B78-920D-4214-BC81-4938DC9784D0}.Debug|Any CPU.ActiveCfg = Debug|Any CPU
		{D2FF2B78-920D-4214-BC81-4938DC9784D0}.Debug|Any CPU.Build.0 = Debug|Any CPU
		{D2FF2B78-920D-4214-BC81-4938DC9784D0}.Release|Any CPU.ActiveCfg = Release|Any CPU
		{D2FF2B78-920D-4214-BC81-4938DC9784D0}.Release|Any CPU.Build.0 = Release|Any CPU
	EndGlobalSection
	GlobalSection(SolutionProperties) = preSolution
		HideSolutionNode = FALSE
	EndGlobalSection
EndGlobal
